{
    "_readme": [
        "This file locks the dependencies of your project to a known state",
        "Read more about it at https://getcomposer.org/doc/01-basic-usage.md#composer-lock-the-lock-file",
        "This file is @generated automatically"
    ],
    "hash": "fc0c2f4e81e04061e19a2d385ed241ea",
    "content-hash": "b78c44d39c2079be63d070ca9eb4873b",
    "packages": [
        {
            "name": "ezyang/htmlpurifier",
            "version": "v4.9.3",
            "source": {
                "type": "git",
                "url": "https://github.com/ezyang/htmlpurifier.git",
                "reference": "95e1bae3182efc0f3422896a3236e991049dac69"
            },
            "dist": {
                "type": "zip",
                "url": "https://api.github.com/repos/ezyang/htmlpurifier/zipball/95e1bae3182efc0f3422896a3236e991049dac69",
                "reference": "95e1bae3182efc0f3422896a3236e991049dac69",
                "shasum": ""
            },
            "require": {
                "php": ">=5.2"
            },
            "require-dev": {
                "simpletest/simpletest": "^1.1"
            },
            "type": "library",
            "autoload": {
                "psr-0": {
                    "HTMLPurifier": "library/"
                },
                "files": [
                    "library/HTMLPurifier.composer.php"
                ]
            },
            "notification-url": "https://packagist.org/downloads/",
            "license": [
                "LGPL"
            ],
            "authors": [
                {
                    "name": "Edward Z. Yang",
                    "email": "admin@htmlpurifier.org",
                    "homepage": "http://ezyang.com"
                }
            ],
            "description": "Standards compliant HTML filter written in PHP",
            "homepage": "http://htmlpurifier.org/",
            "keywords": [
                "html"
            ],
            "time": "2017-06-03 02:28:16"
        },
        {
            "name": "fpdo/fluentpdo",
            "version": "v1.1.0",
            "source": {
                "type": "git",
                "url": "https://github.com/fpdo/fluentpdo.git",
                "reference": "fa0df68d098a1ebb1b0461e4750ef2749869219c"
            },
            "dist": {
                "type": "zip",
                "url": "https://api.github.com/repos/fpdo/fluentpdo/zipball/fa0df68d098a1ebb1b0461e4750ef2749869219c",
                "reference": "fa0df68d098a1ebb1b0461e4750ef2749869219c",
                "shasum": ""
            },
            "type": "library",
            "autoload": {
                "files": [
                    "FluentPDO/FluentPDO.php"
                ]
            },
            "notification-url": "https://packagist.org/downloads/",
            "license": [
                "Apache-2.0",
                "GPL-2.0+"
            ],
            "authors": [
                {
                    "name": "Marek Lichtner",
                    "homepage": "http://licht.sk/"
                }
            ],
            "description": "FluentPDO is small PHP library for rapid query building. Killer feature is smart join builder which generates joins automatically.",
            "homepage": "https://github.com/fpdo/fluentpdo",
            "keywords": [
                "database",
                "dbal",
                "pdo"
            ],
            "time": "2016-07-08 13:40:45"
        },
        {
            "name": "lootils/uuid",
            "version": "1.0.2",
            "source": {
                "type": "git",
                "url": "https://github.com/lootils/uuid.git",
                "reference": "7658af1e06c4cce26f932d034798eb33bc9e0e7a"
            },
            "dist": {
                "type": "zip",
                "url": "https://api.github.com/repos/lootils/uuid/zipball/7658af1e06c4cce26f932d034798eb33bc9e0e7a",
                "reference": "7658af1e06c4cce26f932d034798eb33bc9e0e7a",
                "shasum": ""
            },
            "require": {
                "php": ">=5.3.0"
            },
            "require-dev": {
                "phpunit/phpunit": "*",
                "satooshi/php-coveralls": "0.6.*"
            },
            "type": "library",
            "autoload": {
                "psr-0": {
                    "Lootils\\Uuid": "src/"
                }
            },
            "notification-url": "https://packagist.org/downloads/",
            "license": [
                "MIT"
            ],
            "authors": [
                {
                    "name": "Matt Farina",
                    "email": "matt@mattfarina.com",
                    "homepage": "http://mattfarina.com"
                }
            ],
            "description": "A simple class for working with UUIDs.",
            "homepage": "https://github.com/lootils/lootils-uuid",
            "keywords": [
                "uuid"
            ],
            "time": "2013-11-15 13:39:44"
        },
        {
            "name": "moxiecode/plupload",
            "version": "v2.3.1",
            "source": {
                "type": "git",
                "url": "https://github.com/moxiecode/plupload.git",
                "reference": "d7150ca0a192e3a07ac7468f661edeca767a7163"
            },
            "dist": {
                "type": "zip",
                "url": "https://api.github.com/repos/moxiecode/plupload/zipball/d7150ca0a192e3a07ac7468f661edeca767a7163",
                "reference": "d7150ca0a192e3a07ac7468f661edeca767a7163",
                "shasum": ""
            },
            "type": "library",
            "notification-url": "https://packagist.org/downloads/",
            "license": [
                "(GPL-2.0 or OEM)"
            ],
            "authors": [
                {
                    "name": "Davit Barbakadze",
                    "email": "david@moxiecode.com",
                    "role": "Maintainer"
                }
            ],
            "description": "Plupload is a JavaScript API for dealing with file uploads it supports features like multiple file selection, file type filtering, request chunking, client side image scaling and it uses different runtimes to achieve this such as HTML 5, Silverlight and Flash.",
            "homepage": "http://plupload.com",
            "keywords": [
                "file upload",
                "legacy browser support",
                "multi-runtime",
                "plupload"
            ],
            "time": "2017-02-06 14:01:52"
        },
        {
            "name": "phpmailer/phpmailer",
            "version": "v5.2.22",
            "source": {
                "type": "git",
                "url": "https://github.com/PHPMailer/PHPMailer.git",
                "reference": "b18cb98131bd83103ccb26a888fdfe3177b8a663"
            },
            "dist": {
                "type": "zip",
                "url": "https://api.github.com/repos/PHPMailer/PHPMailer/zipball/b18cb98131bd83103ccb26a888fdfe3177b8a663",
                "reference": "b18cb98131bd83103ccb26a888fdfe3177b8a663",
                "shasum": ""
            },
            "require": {
                "php": ">=5.0.0"
            },
            "require-dev": {
                "phpdocumentor/phpdocumentor": "*",
                "phpunit/phpunit": "4.7.*"
            },
            "suggest": {
                "league/oauth2-google": "Needed for Google XOAUTH2 authentication"
            },
            "type": "library",
            "autoload": {
                "classmap": [
                    "class.phpmailer.php",
                    "class.phpmaileroauth.php",
                    "class.phpmaileroauthgoogle.php",
                    "class.smtp.php",
                    "class.pop3.php",
                    "extras/EasyPeasyICS.php",
                    "extras/ntlm_sasl_client.php"
                ]
            },
            "notification-url": "https://packagist.org/downloads/",
            "license": [
                "LGPL-2.1"
            ],
            "authors": [
                {
                    "name": "Jim Jagielski",
                    "email": "jimjag@gmail.com"
                },
                {
                    "name": "Marcus Bointon",
                    "email": "phpmailer@synchromedia.co.uk"
                },
                {
                    "name": "Andy Prevost",
                    "email": "codeworxtech@users.sourceforge.net"
                },
                {
                    "name": "Brent R. Matzelle"
                }
            ],
            "description": "PHPMailer is a full-featured email creation and transfer class for PHP",
            "time": "2017-01-09 09:33:47"
        },
        {
            "name": "symm/gisconverter",
            "version": "v1.0.5",
            "source": {
                "type": "git",
                "url": "https://github.com/symm/gisconverter.git",
                "reference": "21ab697b7692b891dac37c64d10c9d83d4433f80"
            },
            "dist": {
                "type": "zip",
                "url": "https://api.github.com/repos/symm/gisconverter/zipball/21ab697b7692b891dac37c64d10c9d83d4433f80",
                "reference": "21ab697b7692b891dac37c64d10c9d83d4433f80",
                "shasum": ""
            },
            "require": {
                "php": ">=5.3.0"
            },
            "require-dev": {
                "phpunit/phpunit": "3.7.*"
            },
            "type": "library",
            "extra": {
                "branch-alias": {
                    "dev-master": "1.0.x-dev"
                }
            },
            "autoload": {
                "psr-0": {
                    "Symm\\Gisconverter": "src/"
                }
            },
            "notification-url": "https://packagist.org/downloads/",
            "license": [
                "BSD"
            ],
            "description": "A php library to convert vector geometries between different formats",
            "time": "2014-08-07 13:50:52"
        }
    ],
    "packages-dev": [],
    "aliases": [],
    "minimum-stability": "stable",
    "stability-flags": [],
    "prefer-stable": false,
    "prefer-lowest": false,
    "platform": [],
    "platform-dev": []
}
