{
    "_readme": [
        "This file locks the dependencies of your project to a known state",
        "Read more about it at https://getcomposer.org/doc/01-basic-usage.md#composer-lock-the-lock-file",
        "This file is @generated automatically"
    ],
    "content-hash": "fd00bdf30da8ec175b3c2691de3a874c",
    "packages": [
        {
            "name": "atk4/core",
            "version": "1.3.8",
            "source": {
                "type": "git",
                "url": "https://github.com/atk4/core.git",
                "reference": "35a1f837fc4581e29812fe2305e9f47ec1fb3055"
            },
            "dist": {
                "type": "zip",
                "url": "https://api.github.com/repos/atk4/core/zipball/35a1f837fc4581e29812fe2305e9f47ec1fb3055",
                "reference": "35a1f837fc4581e29812fe2305e9f47ec1fb3055",
                "shasum": ""
            },
            "require": {
                "php": ">=5.5.0",
                "psr/log": "~1.0"
            },
            "require-dev": {
                "codeclimate/php-test-reporter": "*",
                "phpunit/phpunit": "~5.0",
                "satooshi/php-coveralls": "^1.0"
            },
            "type": "library",
            "autoload": {
                "psr-4": {
                    "atk4\\core\\": "src/"
                }
            },
            "notification-url": "https://packagist.org/downloads/",
            "license": [
                "MIT"
            ],
            "authors": [
                {
                    "name": "Romans Malinovskis",
                    "email": "romans@agiletoolkit.org",
                    "homepage": "https://nearly.guru/"
                }
            ],
            "description": "Agile Core - collection of PHP Traits for designing object-oriented frameworks",
            "homepage": "https://github.com/atk4/core",
            "keywords": [
                "Agile Toolkit",
                "framework",
                "php",
                "trains"
            ],
            "time": "2018-04-03T16:35:52+00:00"
        },
        {
            "name": "atk4/dsql",
            "version": "1.2.5",
            "source": {
                "type": "git",
                "url": "https://github.com/atk4/dsql.git",
                "reference": "7f85985fdffae6c1539704de935544eda00d5151"
            },
            "dist": {
                "type": "zip",
                "url": "https://api.github.com/repos/atk4/dsql/zipball/7f85985fdffae6c1539704de935544eda00d5151",
                "reference": "7f85985fdffae6c1539704de935544eda00d5151",
                "shasum": ""
            },
            "require": {
                "atk4/core": "^1.3",
                "php": ">=5.6.0"
            },
            "require-dev": {
                "codeclimate/php-test-reporter": "*",
                "phpunit/dbunit": ">=1.2",
                "phpunit/phpcov": "*",
                "phpunit/phpunit": "<6"
            },
            "suggest": {
                "jdorn/sql-formatter": "*"
            },
            "type": "library",
            "autoload": {
                "psr-4": {
                    "atk4\\dsql\\": "src/"
                }
            },
            "notification-url": "https://packagist.org/downloads/",
            "license": [
                "MIT"
            ],
            "authors": [
                {
                    "name": "Romans Malinovskis",
                    "email": "romans@agiletoolkit.org",
                    "homepage": "https://nearly.guru/"
                }
            ],
            "description": "Dynamic SQL Builder in PHP",
            "homepage": "http://agiletoolkit.org/",
            "keywords": [
                "builder",
                "framework",
                "orm",
                "sql"
            ],
            "time": "2018-08-16T07:47:00+00:00"
        },
        {
            "name": "ezyang/htmlpurifier",
            "version": "v4.10.0",
            "source": {
                "type": "git",
                "url": "https://github.com/ezyang/htmlpurifier.git",
                "reference": "d85d39da4576a6934b72480be6978fb10c860021"
            },
            "dist": {
                "type": "zip",
                "url": "https://api.github.com/repos/ezyang/htmlpurifier/zipball/d85d39da4576a6934b72480be6978fb10c860021",
                "reference": "d85d39da4576a6934b72480be6978fb10c860021",
                "shasum": ""
            },
            "require": {
                "php": ">=5.2"
            },
            "require-dev": {
                "simpletest/simpletest": "^1.1"
            },
            "type": "library",
            "autoload": {
                "psr-0": {
                    "HTMLPurifier": "library/"
                },
                "files": [
                    "library/HTMLPurifier.composer.php"
                ]
            },
            "notification-url": "https://packagist.org/downloads/",
            "license": [
                "LGPL"
            ],
            "authors": [
                {
                    "name": "Edward Z. Yang",
                    "email": "admin@htmlpurifier.org",
                    "homepage": "http://ezyang.com"
                }
            ],
            "description": "Standards compliant HTML filter written in PHP",
            "homepage": "http://htmlpurifier.org/",
            "keywords": [
                "html"
            ],
            "time": "2018-02-23T01:58:20+00:00"
        },
        {
            "name": "fpdo/fluentpdo",
            "version": "v1.1.3",
            "source": {
                "type": "git",
                "url": "https://github.com/envms/fluentpdo.git",
                "reference": "7d31e9b9028466ec41b0a0760b1491b091bcf8e8"
            },
            "dist": {
                "type": "zip",
                "url": "https://api.github.com/repos/envms/fluentpdo/zipball/7d31e9b9028466ec41b0a0760b1491b091bcf8e8",
                "reference": "7d31e9b9028466ec41b0a0760b1491b091bcf8e8",
                "shasum": ""
            },
            "type": "library",
            "autoload": {
                "files": [
                    "FluentPDO/FluentPDO.php"
                ]
            },
            "notification-url": "https://packagist.org/downloads/",
            "license": [
                "Apache-2.0",
                "GPL-2.0+"
            ],
            "authors": [
                {
                    "name": "envms",
                    "homepage": "http://env.ms"
                }
            ],
            "description": "FluentPDO is a quick and light PHP library for rapid query building. It features a smart join builder, which automatically creates table joins.",
            "homepage": "https://github.com/envms/fluentpdo",
            "keywords": [
                "builder",
                "database",
                "db",
                "dbal",
                "fluent",
                "mysql",
                "oracle",
                "pdo",
                "query"
            ],
            "time": "2018-04-27T19:01:30+00:00"
        },
        {
            "name": "lootils/uuid",
            "version": "1.0.2",
            "source": {
                "type": "git",
                "url": "https://github.com/lootils/uuid.git",
                "reference": "7658af1e06c4cce26f932d034798eb33bc9e0e7a"
            },
            "dist": {
                "type": "zip",
                "url": "https://api.github.com/repos/lootils/uuid/zipball/7658af1e06c4cce26f932d034798eb33bc9e0e7a",
                "reference": "7658af1e06c4cce26f932d034798eb33bc9e0e7a",
                "shasum": ""
            },
            "require": {
                "php": ">=5.3.0"
            },
            "require-dev": {
                "phpunit/phpunit": "*",
                "satooshi/php-coveralls": "0.6.*"
            },
            "type": "library",
            "autoload": {
                "psr-0": {
                    "Lootils\\Uuid": "src/"
                }
            },
            "notification-url": "https://packagist.org/downloads/",
            "license": [
                "MIT"
            ],
            "authors": [
                {
                    "name": "Matt Farina",
                    "email": "matt@mattfarina.com",
                    "homepage": "http://mattfarina.com"
                }
            ],
            "description": "A simple class for working with UUIDs.",
            "homepage": "https://github.com/lootils/lootils-uuid",
            "keywords": [
                "uuid"
            ],
            "time": "2013-11-15T13:39:44+00:00"
        },
        {
            "name": "moxiecode/plupload",
            "version": "v2.3.6",
            "source": {
                "type": "git",
                "url": "https://github.com/moxiecode/plupload.git",
                "reference": "0f37b16e6cecdc0cda1c1ba470aaeef1dc01f26a"
            },
            "dist": {
                "type": "zip",
                "url": "https://api.github.com/repos/moxiecode/plupload/zipball/0f37b16e6cecdc0cda1c1ba470aaeef1dc01f26a",
                "reference": "0f37b16e6cecdc0cda1c1ba470aaeef1dc01f26a",
                "shasum": ""
            },
            "type": "library",
            "notification-url": "https://packagist.org/downloads/",
            "license": [
                "(AGPLv3 or OEM)"
            ],
            "authors": [
                {
                    "name": "Davit Barbakadze",
                    "email": "david@moxiecode.com",
                    "role": "Maintainer"
                }
            ],
            "description": "Plupload is a JavaScript API for dealing with file uploads it supports features like multiple file selection, file type filtering, request chunking, client side image scaling and it uses different runtimes to achieve this such as HTML 5, Silverlight and Flash.",
            "homepage": "http://plupload.com",
            "keywords": [
                "file upload",
                "legacy browser support",
                "multi-runtime",
                "plupload"
            ],
            "time": "2017-11-03T06:46:59+00:00"
        },
        {
            "name": "phpmailer/phpmailer",
            "version": "v5.2.27",
            "source": {
                "type": "git",
                "url": "https://github.com/PHPMailer/PHPMailer.git",
                "reference": "dde1db116511aa4956389d75546c5be4c2beb2a6"
            },
            "dist": {
                "type": "zip",
                "url": "https://api.github.com/repos/PHPMailer/PHPMailer/zipball/dde1db116511aa4956389d75546c5be4c2beb2a6",
                "reference": "dde1db116511aa4956389d75546c5be4c2beb2a6",
                "shasum": ""
            },
            "require": {
                "ext-ctype": "*",
                "php": ">=5.0.0"
            },
            "require-dev": {
                "doctrine/annotations": "1.2.*",
                "jms/serializer": "0.16.*",
                "phpdocumentor/phpdocumentor": "2.*",
                "phpunit/phpunit": "4.8.*",
                "symfony/debug": "2.8.*",
                "symfony/filesystem": "2.8.*",
                "symfony/translation": "2.8.*",
                "symfony/yaml": "2.8.*",
                "zendframework/zend-cache": "2.5.1",
                "zendframework/zend-config": "2.5.1",
                "zendframework/zend-eventmanager": "2.5.1",
                "zendframework/zend-filter": "2.5.1",
                "zendframework/zend-i18n": "2.5.1",
                "zendframework/zend-json": "2.5.1",
                "zendframework/zend-math": "2.5.1",
                "zendframework/zend-serializer": "2.5.*",
                "zendframework/zend-servicemanager": "2.5.*",
                "zendframework/zend-stdlib": "2.5.1"
            },
            "suggest": {
                "league/oauth2-google": "Needed for Google XOAUTH2 authentication"
            },
            "type": "library",
            "autoload": {
                "classmap": [
                    "class.phpmailer.php",
                    "class.phpmaileroauth.php",
                    "class.phpmaileroauthgoogle.php",
                    "class.smtp.php",
                    "class.pop3.php",
                    "extras/EasyPeasyICS.php",
                    "extras/ntlm_sasl_client.php"
                ]
            },
            "notification-url": "https://packagist.org/downloads/",
            "license": [
                "LGPL-2.1"
            ],
            "authors": [
                {
                    "name": "Jim Jagielski",
                    "email": "jimjag@gmail.com"
                },
                {
                    "name": "Marcus Bointon",
                    "email": "phpmailer@synchromedia.co.uk"
                },
                {
                    "name": "Andy Prevost",
                    "email": "codeworxtech@users.sourceforge.net"
                },
                {
                    "name": "Brent R. Matzelle"
                }
            ],
            "description": "PHPMailer is a full-featured email creation and transfer class for PHP",
            "time": "2018-11-15T22:32:31+00:00"
        },
        {
            "name": "psr/log",
            "version": "1.1.0",
            "source": {
                "type": "git",
                "url": "https://github.com/php-fig/log.git",
                "reference": "6c001f1daafa3a3ac1d8ff69ee4db8e799a654dd"
            },
            "dist": {
                "type": "zip",
                "url": "https://api.github.com/repos/php-fig/log/zipball/6c001f1daafa3a3ac1d8ff69ee4db8e799a654dd",
                "reference": "6c001f1daafa3a3ac1d8ff69ee4db8e799a654dd",
                "shasum": ""
            },
            "require": {
                "php": ">=5.3.0"
            },
            "type": "library",
            "extra": {
                "branch-alias": {
                    "dev-master": "1.0.x-dev"
                }
            },
            "autoload": {
                "psr-4": {
                    "Psr\\Log\\": "Psr/Log/"
                }
            },
            "notification-url": "https://packagist.org/downloads/",
            "license": [
                "MIT"
            ],
            "authors": [
                {
                    "name": "PHP-FIG",
                    "homepage": "http://www.php-fig.org/"
                }
            ],
            "description": "Common interface for logging libraries",
            "homepage": "https://github.com/php-fig/log",
            "keywords": [
                "log",
                "psr",
                "psr-3"
            ],
            "time": "2018-11-20T15:27:04+00:00"
        },
        {
            "name": "symm/gisconverter",
            "version": "v1.0.5",
            "source": {
                "type": "git",
                "url": "https://github.com/symm/gisconverter.git",
                "reference": "21ab697b7692b891dac37c64d10c9d83d4433f80"
            },
            "dist": {
                "type": "zip",
                "url": "https://api.github.com/repos/symm/gisconverter/zipball/21ab697b7692b891dac37c64d10c9d83d4433f80",
                "reference": "21ab697b7692b891dac37c64d10c9d83d4433f80",
                "shasum": ""
            },
            "require": {
                "php": ">=5.3.0"
            },
            "require-dev": {
                "phpunit/phpunit": "3.7.*"
            },
            "type": "library",
            "extra": {
                "branch-alias": {
                    "dev-master": "1.0.x-dev"
                }
            },
            "autoload": {
                "psr-0": {
                    "Symm\\Gisconverter": "src/"
                }
            },
            "notification-url": "https://packagist.org/downloads/",
            "license": [
                "BSD"
            ],
            "description": "A php library to convert vector geometries between different formats",
            "time": "2014-08-07T13:50:52+00:00"
        }
    ],
    "packages-dev": [],
    "aliases": [],
    "minimum-stability": "stable",
    "stability-flags": [],
    "prefer-stable": false,
    "prefer-lowest": false,
    "platform": [],
    "platform-dev": []
}
